{
    "_meta": {
        "hash": {
            "sha256": "4243741ca42a5e75296cc1584fa66b5d60590db1fd84350e4f75d14d3efbb797"
        },
        "pipfile-spec": 6,
        "requires": {
            "python_version": "3.11"
        },
        "sources": [
            {
                "name": "pypi",
                "url": "https://pypi.org/simple",
                "verify_ssl": true
            }
        ]
    },
    "default": {
        "structlog": {
            "hashes": [
                "sha256:3f6efe7d25fab6e86f277713c218044669906537bb717c1807a09d46bca0714d",
                "sha256:41a09886e4d55df25bdcb9b5c9674bccfab723ff43e0a86a1b7b236be8e57b16"
            ],
            "index": "pypi",
            "markers": "python_version >= '3.8'",
            "version": "==24.1.0"
        }
    },
    "develop": {
        "black": {
            "hashes": [
                "sha256:2818cf72dfd5d289e48f37ccfa08b460bf469e67fb7c4abb07edc2e9f16fb63f",
                "sha256:41622020d7120e01d377f74249e677039d20e6344ff5851de8a10f11f513bf93",
                "sha256:4acf672def7eb1725f41f38bf6bf425c8237248bb0804faa3965c036f7672d11",
                "sha256:4be5bb28e090456adfc1255e03967fb67ca846a03be7aadf6249096100ee32d0",
                "sha256:4f1373a7808a8f135b774039f61d59e4be7eb56b2513d3d2f02a8b9365b8a8a9",
                "sha256:56f52cfbd3dabe2798d76dbdd299faa046a901041faf2cf33288bc4e6dae57b5",
                "sha256:65b76c275e4c1c5ce6e9870911384bff5ca31ab63d19c76811cb1fb162678213",
                "sha256:65c02e4ea2ae09d16314d30912a58ada9a5c4fdfedf9512d23326128ac08ac3d",
                "sha256:6905238a754ceb7788a73f02b45637d820b2f5478b20fec82ea865e4f5d4d9f7",
                "sha256:79dcf34b33e38ed1b17434693763301d7ccbd1c5860674a8f871bd15139e7837",
                "sha256:7bb041dca0d784697af4646d3b62ba4a6b028276ae878e53f6b4f74ddd6db99f",
                "sha256:7d5e026f8da0322b5662fa7a8e752b3fa2dac1c1cbc213c3d7ff9bdd0ab12395",
                "sha256:9f50ea1132e2189d8dff0115ab75b65590a3e97de1e143795adb4ce317934995",
                "sha256:a0c9c4a0771afc6919578cec71ce82a3e31e054904e7197deacbc9382671c41f",
                "sha256:aadf7a02d947936ee418777e0247ea114f78aff0d0959461057cae8a04f20597",
                "sha256:b5991d523eee14756f3c8d5df5231550ae8993e2286b8014e2fdea7156ed0959",
                "sha256:bf21b7b230718a5f08bd32d5e4f1db7fc8788345c8aea1d155fc17852b3410f5",
                "sha256:c45f8dff244b3c431b36e3224b6be4a127c6aca780853574c00faf99258041eb",
                "sha256:c7ed6668cbbfcd231fa0dc1b137d3e40c04c7f786e626b405c62bcd5db5857e4",
                "sha256:d7de8d330763c66663661a1ffd432274a2f92f07feeddd89ffd085b5744f85e7",
                "sha256:e19cb1c6365fd6dc38a6eae2dcb691d7d83935c10215aef8e6c38edee3f77abd",
                "sha256:e2af80566f43c85f5797365077fb64a393861a3730bd110971ab7a0c94e873e7"
            ],
            "index": "pypi",
            "markers": "python_version >= '3.8'",
            "version": "==24.3.0"
        },
        "click": {
            "hashes": [
                "sha256:ae74fb96c20a0277a1d615f1e4d73c8414f5a98db8b799a7931d1582f3390c28",
                "sha256:ca9853ad459e787e2192211578cc907e7594e294c7ccc834310722b41b9ca6de"
            ],
            "markers": "python_version >= '3.7'",
            "version": "==8.1.7"
        },
        "coverage": {
            "extras": [
                "toml"
            ],
            "hashes": [
                "sha256:0209a6369ccce576b43bb227dc8322d8ef9e323d089c6f3f26a597b09cb4d2aa",
                "sha256:062b0a75d9261e2f9c6d071753f7eef0fc9caf3a2c82d36d76667ba7b6470003",
                "sha256:0842571634f39016a6c03e9d4aba502be652a6e4455fadb73cd3a3a49173e38f",
                "sha256:16bae383a9cc5abab9bb05c10a3e5a52e0a788325dc9ba8499e821885928968c",
                "sha256:18c7320695c949de11a351742ee001849912fd57e62a706d83dfc1581897fa2e",
                "sha256:18d90523ce7553dd0b7e23cbb28865db23cddfd683a38fb224115f7826de78d0",
                "sha256:1bf25fbca0c8d121a3e92a2a0555c7e5bc981aee5c3fdaf4bb7809f410f696b9",
                "sha256:276f6077a5c61447a48d133ed13e759c09e62aff0dc84274a68dc18660104d52",
                "sha256:280459f0a03cecbe8800786cdc23067a8fc64c0bd51dc614008d9c36e1659d7e",
                "sha256:28ca2098939eabab044ad68850aac8f8db6bf0b29bc7f2887d05889b17346454",
                "sha256:2c854ce44e1ee31bda4e318af1dbcfc929026d12c5ed030095ad98197eeeaed0",
                "sha256:35eb581efdacf7b7422af677b92170da4ef34500467381e805944a3201df2079",
                "sha256:37389611ba54fd6d278fde86eb2c013c8e50232e38f5c68235d09d0a3f8aa352",
                "sha256:3b253094dbe1b431d3a4ac2f053b6d7ede2664ac559705a704f621742e034f1f",
                "sha256:3b2eccb883368f9e972e216c7b4c7c06cabda925b5f06dde0650281cb7666a30",
                "sha256:451f433ad901b3bb00184d83fd83d135fb682d780b38af7944c9faeecb1e0bfe",
                "sha256:489763b2d037b164846ebac0cbd368b8a4ca56385c4090807ff9fad817de4113",
                "sha256:4af154d617c875b52651dd8dd17a31270c495082f3d55f6128e7629658d63765",
                "sha256:506edb1dd49e13a2d4cac6a5173317b82a23c9d6e8df63efb4f0380de0fbccbc",
                "sha256:6679060424faa9c11808598504c3ab472de4531c571ab2befa32f4971835788e",
                "sha256:69b9f6f66c0af29642e73a520b6fed25ff9fd69a25975ebe6acb297234eda501",
                "sha256:6c00cdc8fa4e50e1cc1f941a7f2e3e0f26cb2a1233c9696f26963ff58445bac7",
                "sha256:6c0cdedd3500e0511eac1517bf560149764b7d8e65cb800d8bf1c63ebf39edd2",
                "sha256:708a3369dcf055c00ddeeaa2b20f0dd1ce664eeabde6623e516c5228b753654f",
                "sha256:718187eeb9849fc6cc23e0d9b092bc2348821c5e1a901c9f8975df0bc785bfd4",
                "sha256:767b35c3a246bcb55b8044fd3a43b8cd553dd1f9f2c1eeb87a302b1f8daa0524",
                "sha256:77fbfc5720cceac9c200054b9fab50cb2a7d79660609200ab83f5db96162d20c",
                "sha256:7cbde573904625509a3f37b6fecea974e363460b556a627c60dc2f47e2fffa51",
                "sha256:8249b1c7334be8f8c3abcaaa996e1e4927b0e5a23b65f5bf6cfe3180d8ca7840",
                "sha256:8580b827d4746d47294c0e0b92854c85a92c2227927433998f0d3320ae8a71b6",
                "sha256:8640f1fde5e1b8e3439fe482cdc2b0bb6c329f4bb161927c28d2e8879c6029ee",
                "sha256:9a9babb9466fe1da12417a4aed923e90124a534736de6201794a3aea9d98484e",
                "sha256:a78ed23b08e8ab524551f52953a8a05d61c3a760781762aac49f8de6eede8c45",
                "sha256:abbbd8093c5229c72d4c2926afaee0e6e3140de69d5dcd918b2921f2f0c8baba",
                "sha256:ae7f19afe0cce50039e2c782bff379c7e347cba335429678450b8fe81c4ef96d",
                "sha256:b3ec74cfef2d985e145baae90d9b1b32f85e1741b04cd967aaf9cfa84c1334f3",
                "sha256:b51bfc348925e92a9bd9b2e48dad13431b57011fd1038f08316e6bf1df107d10",
                "sha256:b9a4a8dd3dcf4cbd3165737358e4d7dfbd9d59902ad11e3b15eebb6393b0446e",
                "sha256:ba3a8aaed13770e970b3df46980cb068d1c24af1a1968b7818b69af8c4347efb",
                "sha256:c0524de3ff096e15fcbfe8f056fdb4ea0bf497d584454f344d59fce069d3e6e9",
                "sha256:c0a120238dd71c68484f02562f6d446d736adcc6ca0993712289b102705a9a3a",
                "sha256:cbbe5e739d45a52f3200a771c6d2c7acf89eb2524890a4a3aa1a7fa0695d2a47",
                "sha256:ce8c50520f57ec57aa21a63ea4f325c7b657386b3f02ccaedeccf9ebe27686e1",
                "sha256:cf30900aa1ba595312ae41978b95e256e419d8a823af79ce670835409fc02ad3",
                "sha256:d25b937a5d9ffa857d41be042b4238dd61db888533b53bc76dc082cb5a15e914",
                "sha256:d6cdecaedea1ea9e033d8adf6a0ab11107b49571bbb9737175444cea6eb72328",
                "sha256:dec9de46a33cf2dd87a5254af095a409ea3bf952d85ad339751e7de6d962cde6",
                "sha256:ebe7c9e67a2d15fa97b77ea6571ce5e1e1f6b0db71d1d5e96f8d2bf134303c1d",
                "sha256:ee866acc0861caebb4f2ab79f0b94dbfbdbfadc19f82e6e9c93930f74e11d7a0",
                "sha256:f6a09b360d67e589236a44f0c39218a8efba2593b6abdccc300a8862cffc2f94",
                "sha256:fcc66e222cf4c719fe7722a403888b1f5e1682d1679bd780e2b26c18bb648cdc",
                "sha256:fd6545d97c98a192c5ac995d21c894b581f1fd14cf389be90724d21808b657e2"
            ],
            "index": "pypi",
            "markers": "python_version >= '3.8'",
            "version": "==7.4.3"
        },
        "iniconfig": {
            "hashes": [
                "sha256:2d91e135bf72d31a410b17c16da610a82cb55f6b0477d1a902134b24a455b8b3",
                "sha256:b6a85871a79d2e3b22d2d1b94ac2824226a63c6b741c88f7ae975f18b6778374"
            ],
            "markers": "python_version >= '3.7'",
            "version": "==2.0.0"
        },
        "mypy": {
            "hashes": [
                "sha256:0235391f1c6f6ce487b23b9dbd1327b4ec33bb93934aa986efe8a9563d9349e6",
                "sha256:190da1ee69b427d7efa8aa0d5e5ccd67a4fb04038c380237a0d96829cb157913",
                "sha256:2418488264eb41f69cc64a69a745fad4a8f86649af4b1041a4c64ee61fc61129",
                "sha256:3a3c007ff3ee90f69cf0a15cbcdf0995749569b86b6d2f327af01fd1b8aee9dc",
                "sha256:3cc5da0127e6a478cddd906068496a97a7618a21ce9b54bde5bf7e539c7af974",
                "sha256:48533cdd345c3c2e5ef48ba3b0d3880b257b423e7995dada04248725c6f77374",
                "sha256:49c87c15aed320de9b438ae7b00c1ac91cd393c1b854c2ce538e2a72d55df150",
                "sha256:4d3dbd346cfec7cb98e6cbb6e0f3c23618af826316188d587d1c1bc34f0ede03",
                "sha256:571741dc4194b4f82d344b15e8837e8c5fcc462d66d076748142327626a1b6e9",
                "sha256:587ce887f75dd9700252a3abbc9c97bbe165a4a630597845c61279cf32dfbf02",
                "sha256:5d741d3fc7c4da608764073089e5f58ef6352bedc223ff58f2f038c2c4698a89",
                "sha256:5e6061f44f2313b94f920e91b204ec600982961e07a17e0f6cd83371cb23f5c2",
                "sha256:61758fabd58ce4b0720ae1e2fea5cfd4431591d6d590b197775329264f86311d",
                "sha256:653265f9a2784db65bfca694d1edd23093ce49740b2244cde583aeb134c008f3",
                "sha256:68edad3dc7d70f2f17ae4c6c1b9471a56138ca22722487eebacfd1eb5321d612",
                "sha256:81a10926e5473c5fc3da8abb04119a1f5811a236dc3a38d92015cb1e6ba4cb9e",
                "sha256:85ca5fcc24f0b4aeedc1d02f93707bccc04733f21d41c88334c5482219b1ccb3",
                "sha256:a260627a570559181a9ea5de61ac6297aa5af202f06fd7ab093ce74e7181e43e",
                "sha256:aceb1db093b04db5cd390821464504111b8ec3e351eb85afd1433490163d60cd",
                "sha256:b685154e22e4e9199fc95f298661deea28aaede5ae16ccc8cbb1045e716b3e04",
                "sha256:d357423fa57a489e8c47b7c85dfb96698caba13d66e086b412298a1a0ea3b0ed",
                "sha256:d4d5ddc13421ba3e2e082a6c2d74c2ddb3979c39b582dacd53dd5d9431237185",
                "sha256:e49499be624dead83927e70c756970a0bc8240e9f769389cdf5714b0784ca6bf",
                "sha256:e54396d70be04b34f31d2edf3362c1edd023246c82f1730bbf8768c28db5361b",
                "sha256:f88566144752999351725ac623471661c9d1cd8caa0134ff98cceeea181789f4",
                "sha256:f8a67616990062232ee4c3952f41c779afac41405806042a8126fe96e098419f",
                "sha256:fe28657de3bfec596bbeef01cb219833ad9d38dd5393fc649f4b366840baefe6"
            ],
            "index": "pypi",
            "markers": "python_version >= '3.8'",
            "version": "==1.9.0"
        },
        "mypy-extensions": {
            "hashes": [
                "sha256:4392f6c0eb8a5668a69e23d168ffa70f0be9ccfd32b5cc2d26a34ae5b844552d",
                "sha256:75dbf8955dc00442a438fc4d0666508a9a97b6bd41aa2f0ffe9d2f2725af0782"
            ],
            "markers": "python_version >= '3.5'",
            "version": "==1.0.0"
        },
        "packaging": {
            "hashes": [
                "sha256:2ddfb553fdf02fb784c234c7ba6ccc288296ceabec964ad2eae3777778130bc5",
                "sha256:eb82c5e3e56209074766e6885bb04b8c38a0c015d0a30036ebe7ece34c9989e9"
            ],
            "markers": "python_version >= '3.7'",
            "version": "==24.0"
        },
        "pathspec": {
            "hashes": [
                "sha256:a0d503e138a4c123b27490a4f7beda6a01c6f288df0e4a8b79c7eb0dc7b4cc08",
                "sha256:a482d51503a1ab33b1c67a6c3813a26953dbdc71c31dacaef9a838c4e29f5712"
            ],
            "markers": "python_version >= '3.8'",
            "version": "==0.12.1"
        },
        "platformdirs": {
            "hashes": [
                "sha256:0614df2a2f37e1a662acbd8e2b25b92ccf8632929bc6d43467e17fe89c75e068",
                "sha256:ef0cc731df711022c174543cb70a9b5bd22e5a9337c8624ef2c2ceb8ddad8768"
            ],
            "markers": "python_version >= '3.8'",
            "version": "==4.2.0"
        },
        "pluggy": {
            "hashes": [
                "sha256:7db9f7b503d67d1c5b95f59773ebb58a8c1c288129a88665838012cfb07b8981",
                "sha256:8c85c2876142a764e5b7548e7d9a0e0ddb46f5185161049a79b7e974454223be"
            ],
            "markers": "python_version >= '3.8'",
            "version": "==1.4.0"
        },
        "pytest": {
            "hashes": [
                "sha256:d4051d623a2e0b7e51960ba963193b09ce6daeb9759a451844a21e4ddedfc1bd",
                "sha256:edfaaef32ce5172d5466b5127b42e0d6d35ebbe4453f0e3505d96afd93f6b096"
            ],
            "index": "pypi",
            "markers": "python_version >= '3.8'",
            "version": "==8.0.2"
        },
        "pytest-cov": {
            "hashes": [
                "sha256:3904b13dfbfec47f003b8e77fd5b589cd11904a21ddf1ab38a64f204d6a10ef6",
                "sha256:6ba70b9e97e69fcc3fb45bfeab2d0a138fb65c4d0d6a41ef33983ad114be8c3a"
            ],
            "index": "pypi",
            "markers": "python_version >= '3.7'",
            "version": "==4.1.0"
        },
        "ruff": {
            "hashes": [
                "sha256:0886184ba2618d815067cf43e005388967b67ab9c80df52b32ec1152ab49f53a",
                "sha256:128265876c1d703e5f5e5a4543bd8be47c73a9ba223fd3989d4aa87dd06f312f",
                "sha256:19eacceb4c9406f6c41af806418a26fdb23120dfe53583df76d1401c92b7c14b",
                "sha256:23dbb808e2f1d68eeadd5f655485e235c102ac6f12ad31505804edced2a5ae77",
                "sha256:2f7dbba46e2827dfcb0f0cc55fba8e96ba7c8700e0a866eb8cef7d1d66c25dcb",
                "sha256:3ef655c51f41d5fa879f98e40c90072b567c666a7114fa2d9fe004dffba00932",
                "sha256:5da894a29ec018a8293d3d17c797e73b374773943e8369cfc50495573d396933",
                "sha256:755c22536d7f1889be25f2baf6fedd019d0c51d079e8417d4441159f3bcd30c2",
                "sha256:7deb528029bacf845bdbb3dbb2927d8ef9b4356a5e731b10eef171e3f0a85944",
                "sha256:9343690f95710f8cf251bee1013bf43030072b9f8d012fbed6ad702ef70d360a",
                "sha256:a1f3ed501a42f60f4dedb7805fa8d4534e78b4e196f536bac926f805f0743d49",
                "sha256:b08b356d06a792e49a12074b62222f9d4ea2a11dca9da9f68163b28c71bf1dd4",
                "sha256:cc30a9053ff2f1ffb505a585797c23434d5f6c838bacfe206c0e6cf38c921a1e",
                "sha256:d0d3d7ef3d4f06433d592e5f7d813314a34601e6c5be8481cccb7fa760aa243e",
                "sha256:dd73fe7f4c28d317855da6a7bc4aa29a1500320818dd8f27df95f70a01b8171f",
                "sha256:e1e0d4381ca88fb2b73ea0766008e703f33f460295de658f5467f6f229658c19",
                "sha256:e3a4a6d46aef0a84b74fcd201a4401ea9a6cd85614f6a9435f2d33dd8cefbf83"
            ],
            "index": "pypi",
            "markers": "python_version >= '3.7'",
            "version": "==0.3.0"
        },
        "typing-extensions": {
            "hashes": [
                "sha256:69b1a937c3a517342112fb4c6df7e72fc39a38e7891a5730ed4985b5214b5475",
                "sha256:b0abd7c89e8fb96f98db18d86106ff1d90ab692004eb746cf6eda2682f91b3cb"
            ],
            "markers": "python_version >= '3.8'",
            "version": "==4.10.0"
        }
    }
}
